
Microsoft Visual Studio Solution File, Format Version 12.00
# Visual Studio 15
VisualStudioVersion = 15.0.33919.361
MinimumVisualStudioVersion = 10.0.40219.1
Project("{FAE04EC0-301F-11D3-BF4B-00C04F79EFBC}") = "VoxelEngine", "VoxelEngine\VoxelEngine.csproj", "{C75975FB-F626-4924-90FB-C5C788BEF626}"
EndProject
Global
	GlobalSection(SolutionConfigurationPlatforms) = preSolution
		Debug|Any CPU = Debug|Any CPU
		Release|Any CPU = Release|Any CPU
	EndGlobalSection
	GlobalSection(ProjectConfigurationPlatforms) = postSolution
		{C75975FB-F626-4924-90FB-C5C788BEF626}.Debug|Any CPU.ActiveCfg = Debug|Any CPU
		{C75975FB-F626-4924-90FB-C5C788BEF626}.Debug|Any CPU.Build.0 = Debug|Any CPU
		{C75975FB-F626-4924-90FB-C5C788BEF626}.Release|Any CPU.ActiveCfg = Release|Any CPU
		{C75975FB-F626-4924-90FB-C5C788BEF626}.Release|Any CPU.Build.0 = Release|Any CPU
	EndGlobalSection
	GlobalSection(SolutionProperties) = preSolution
		HideSolutionNode = FALSE
	EndGlobalSection
	GlobalSection(ExtensibilityGlobals) = postSolution
		SolutionGuid = {CE668BC7-2B26-42D4-985F-5E65B4C36D74}
	EndGlobalSection
EndGlobal
